
Microsoft Visual Studio Solution File, Format Version 12.00
# Visual Studio Version 16
VisualStudioVersion = 16.0.30711.63
MinimumVisualStudioVersion = 10.0.40219.1
Project("{2150E333-8FDC-42A3-9474-1A3956D46DE8}") = "Solution Items", "Solution Items", "{95ED20FB-BFBB-4B67-9A05-EB43E6CA9A76}"
EndProject
Project("{8BC9CEB8-8B4A-11D0-8D11-00A0C91BC942}") = "Lab25", "Lab25.vcxproj", "{375ACC1A-B3FB-44B3-94E8-E22CA1347BE5}"
EndProject
Global
	GlobalSection(SolutionConfigurationPlatforms) = preSolution
		Debug|Win32 = Debug|Win32
		Release|Win32 = Release|Win32
	EndGlobalSection
	GlobalSection(ProjectConfigurationPlatforms) = postSolution
		{375ACC1A-B3FB-44B3-94E8-E22CA1347BE5}.Debug|Win32.ActiveCfg = Debug|Win32
		{375ACC1A-B3FB-44B3-94E8-E22CA1347BE5}.Debug|Win32.Build.0 = Debug|Win32
		{375ACC1A-B3FB-44B3-94E8-E22CA1347BE5}.Release|Win32.ActiveCfg = Release|Win32
		{375ACC1A-B3FB-44B3-94E8-E22CA1347BE5}.Release|Win32.Build.0 = Release|Win32
	EndGlobalSection
	GlobalSection(SolutionProperties) = preSolution
		HideSolutionNode = FALSE
	EndGlobalSection
	GlobalSection(ExtensibilityGlobals) = postSolution
		SolutionGuid = {43A14E88-47BE-4FD6-93D0-0D96158A4EDF}
	EndGlobalSection
EndGlobal
