
Microsoft Visual Studio Solution File, Format Version 12.00
# Visual Studio Version 16
VisualStudioVersion = 16.0.30011.22
MinimumVisualStudioVersion = 10.0.40219.1
Project("{8BC9CEB8-8B4A-11D0-8D11-00A0C91BC942}") = "Lab13", "Lab13.vcxproj", "{EA563CD7-6C67-4D51-977E-886C78B1CB21}"
EndProject
Global
	GlobalSection(SolutionConfigurationPlatforms) = preSolution
		Debug|Win32 = Debug|Win32
		Release|Win32 = Release|Win32
	EndGlobalSection
	GlobalSection(ProjectConfigurationPlatforms) = postSolution
		{EA563CD7-6C67-4D51-977E-886C78B1CB21}.Debug|Win32.ActiveCfg = Debug|Win32
		{EA563CD7-6C67-4D51-977E-886C78B1CB21}.Debug|Win32.Build.0 = Debug|Win32
		{EA563CD7-6C67-4D51-977E-886C78B1CB21}.Release|Win32.ActiveCfg = Release|Win32
		{EA563CD7-6C67-4D51-977E-886C78B1CB21}.Release|Win32.Build.0 = Release|Win32
	EndGlobalSection
	GlobalSection(SolutionProperties) = preSolution
		HideSolutionNode = FALSE
	EndGlobalSection
	GlobalSection(ExtensibilityGlobals) = postSolution
		SolutionGuid = {B04D75BD-B23F-4D32-AA3E-FC25AFC98175}
	EndGlobalSection
EndGlobal
